// !$*UTF8*$!
{
	archiveVersion = 1;
	classes = {
	};
	objectVersion = 56;
	objects = {

/* Begin PBXBuildFile section */
		1E600FB92CEE8177004A8CA8 /* Store.swift in Sources */ = {isa = PBXBuildFile; fileRef = 1E600FB82CEE8177004A8CA8 /* Store.swift */; };
		1E600FBB2CEE9038004A8CA8 /* Question.swift in Sources */ = {isa = PBXBuildFile; fileRef = 1E600FBA2CEE9038004A8CA8 /* Question.swift */; };
		1E600FBD2CEE92F0004A8CA8 /* Game.swift in Sources */ = {isa = PBXBuildFile; fileRef = 1E600FBC2CEE92F0004A8CA8 /* Game.swift */; };
		1E7E26282CED546500938A4C /* Constants.swift in Sources */ = {isa = PBXBuildFile; fileRef = 1E7E26272CED546500938A4C /* Constants.swift */; };
		1E9513FF2CECEBFD0068AF53 /* HPTriviaApp.swift in Sources */ = {isa = PBXBuildFile; fileRef = 1E9513FE2CECEBFD0068AF53 /* HPTriviaApp.swift */; };
		1E9514012CECEBFD0068AF53 /* ContentView.swift in Sources */ = {isa = PBXBuildFile; fileRef = 1E9514002CECEBFD0068AF53 /* ContentView.swift */; };
		1E9514032CECEBFE0068AF53 /* Assets.xcassets in Resources */ = {isa = PBXBuildFile; fileRef = 1E9514022CECEBFE0068AF53 /* Assets.xcassets */; };
		1E9514062CECEBFE0068AF53 /* Preview Assets.xcassets in Resources */ = {isa = PBXBuildFile; fileRef = 1E9514052CECEBFE0068AF53 /* Preview Assets.xcassets */; };
		1E95140D2CECEC6C0068AF53 /* trivia.json in Resources */ = {isa = PBXBuildFile; fileRef = 1E95140C2CECEC6C0068AF53 /* trivia.json */; };
		1E9514172CECEC7E0068AF53 /* deep-in-the-dell.mp3 in Resources */ = {isa = PBXBuildFile; fileRef = 1E95140E2CECEC7E0068AF53 /* deep-in-the-dell.mp3 */; };
		1E9514182CECEC7E0068AF53 /* hiding-place-in-the-forest.mp3 in Resources */ = {isa = PBXBuildFile; fileRef = 1E95140F2CECEC7E0068AF53 /* hiding-place-in-the-forest.mp3 */; };
		1E9514192CECEC7E0068AF53 /* let-the-mystery-unfold.mp3 in Resources */ = {isa = PBXBuildFile; fileRef = 1E9514102CECEC7E0068AF53 /* let-the-mystery-unfold.mp3 */; };
		1E95141A2CECEC7E0068AF53 /* magic-in-the-air.mp3 in Resources */ = {isa = PBXBuildFile; fileRef = 1E9514112CECEC7E0068AF53 /* magic-in-the-air.mp3 */; };
		1E95141B2CECEC7E0068AF53 /* magic-wand.mp3 in Resources */ = {isa = PBXBuildFile; fileRef = 1E9514122CECEC7E0068AF53 /* magic-wand.mp3 */; };
		1E95141C2CECEC7E0068AF53 /* negative-beeps.mp3 in Resources */ = {isa = PBXBuildFile; fileRef = 1E9514132CECEC7E0068AF53 /* negative-beeps.mp3 */; };
		1E95141D2CECEC7E0068AF53 /* page-flip.mp3 in Resources */ = {isa = PBXBuildFile; fileRef = 1E9514142CECEC7E0068AF53 /* page-flip.mp3 */; };
		1E95141E2CECEC7E0068AF53 /* spellcraft.mp3 in Resources */ = {isa = PBXBuildFile; fileRef = 1E9514152CECEC7E0068AF53 /* spellcraft.mp3 */; };
		1EFF5A332CEDF1A900D4CF8C /* Instructions.swift in Sources */ = {isa = PBXBuildFile; fileRef = 1EFF5A322CEDF1A900D4CF8C /* Instructions.swift */; };
		1EFF5A352CEDF75B00D4CF8C /* Settings.swift in Sources */ = {isa = PBXBuildFile; fileRef = 1EFF5A342CEDF75B00D4CF8C /* Settings.swift */; };
		1EFF5A372CEDFD7C00D4CF8C /* Gameplay.swift in Sources */ = {isa = PBXBuildFile; fileRef = 1EFF5A362CEDFD7C00D4CF8C /* Gameplay.swift */; };
/* End PBXBuildFile section */

/* Begin PBXFileReference section */
		1E600FB72CEE8058004A8CA8 /* HPConfig.storekit */ = {isa = PBXFileReference; lastKnownFileType = text; path = HPConfig.storekit; sourceTree = "<group>"; };
		1E600FB82CEE8177004A8CA8 /* Store.swift */ = {isa = PBXFileReference; lastKnownFileType = sourcecode.swift; path = Store.swift; sourceTree = "<group>"; };
		1E600FBA2CEE9038004A8CA8 /* Question.swift */ = {isa = PBXFileReference; lastKnownFileType = sourcecode.swift; path = Question.swift; sourceTree = "<group>"; };
		1E600FBC2CEE92F0004A8CA8 /* Game.swift */ = {isa = PBXFileReference; lastKnownFileType = sourcecode.swift; path = Game.swift; sourceTree = "<group>"; };
		1E7E26272CED546500938A4C /* Constants.swift */ = {isa = PBXFileReference; lastKnownFileType = sourcecode.swift; path = Constants.swift; sourceTree = "<group>"; };
		1E9513FB2CECEBFD0068AF53 /* HPTrivia.app */ = {isa = PBXFileReference; explicitFileType = wrapper.application; includeInIndex = 0; path = HPTrivia.app; sourceTree = BUILT_PRODUCTS_DIR; };
		1E9513FE2CECEBFD0068AF53 /* HPTriviaApp.swift */ = {isa = PBXFileReference; lastKnownFileType = sourcecode.swift; path = HPTriviaApp.swift; sourceTree = "<group>"; };
		1E9514002CECEBFD0068AF53 /* ContentView.swift */ = {isa = PBXFileReference; lastKnownFileType = sourcecode.swift; path = ContentView.swift; sourceTree = "<group>"; };
		1E9514022CECEBFE0068AF53 /* Assets.xcassets */ = {isa = PBXFileReference; lastKnownFileType = folder.assetcatalog; path = Assets.xcassets; sourceTree = "<group>"; };
		1E9514052CECEBFE0068AF53 /* Preview Assets.xcassets */ = {isa = PBXFileReference; lastKnownFileType = folder.assetcatalog; path = "Preview Assets.xcassets"; sourceTree = "<group>"; };
		1E95140C2CECEC6C0068AF53 /* trivia.json */ = {isa = PBXFileReference; fileEncoding = 4; lastKnownFileType = text.json; path = trivia.json; sourceTree = "<group>"; };
		1E95140E2CECEC7E0068AF53 /* deep-in-the-dell.mp3 */ = {isa = PBXFileReference; lastKnownFileType = audio.mp3; path = "deep-in-the-dell.mp3"; sourceTree = "<group>"; };
		1E95140F2CECEC7E0068AF53 /* hiding-place-in-the-forest.mp3 */ = {isa = PBXFileReference; lastKnownFileType = audio.mp3; path = "hiding-place-in-the-forest.mp3"; sourceTree = "<group>"; };
		1E9514102CECEC7E0068AF53 /* let-the-mystery-unfold.mp3 */ = {isa = PBXFileReference; lastKnownFileType = audio.mp3; path = "let-the-mystery-unfold.mp3"; sourceTree = "<group>"; };
		1E9514112CECEC7E0068AF53 /* magic-in-the-air.mp3 */ = {isa = PBXFileReference; lastKnownFileType = audio.mp3; path = "magic-in-the-air.mp3"; sourceTree = "<group>"; };
		1E9514122CECEC7E0068AF53 /* magic-wand.mp3 */ = {isa = PBXFileReference; lastKnownFileType = audio.mp3; path = "magic-wand.mp3"; sourceTree = "<group>"; };
		1E9514132CECEC7E0068AF53 /* negative-beeps.mp3 */ = {isa = PBXFileReference; lastKnownFileType = audio.mp3; path = "negative-beeps.mp3"; sourceTree = "<group>"; };
		1E9514142CECEC7E0068AF53 /* page-flip.mp3 */ = {isa = PBXFileReference; lastKnownFileType = audio.mp3; path = "page-flip.mp3"; sourceTree = "<group>"; };
		1E9514152CECEC7E0068AF53 /* spellcraft.mp3 */ = {isa = PBXFileReference; lastKnownFileType = audio.mp3; path = spellcraft.mp3; sourceTree = "<group>"; };
		1EFF5A322CEDF1A900D4CF8C /* Instructions.swift */ = {isa = PBXFileReference; lastKnownFileType = sourcecode.swift; path = Instructions.swift; sourceTree = "<group>"; };
		1EFF5A342CEDF75B00D4CF8C /* Settings.swift */ = {isa = PBXFileReference; lastKnownFileType = sourcecode.swift; path = Settings.swift; sourceTree = "<group>"; };
		1EFF5A362CEDFD7C00D4CF8C /* Gameplay.swift */ = {isa = PBXFileReference; lastKnownFileType = sourcecode.swift; path = Gameplay.swift; sourceTree = "<group>"; };
/* End PBXFileReference section */

/* Begin PBXFrameworksBuildPhase section */
		1E9513F82CECEBFD0068AF53 /* Frameworks */ = {
			isa = PBXFrameworksBuildPhase;
			buildActionMask = 2147483647;
			files = (
			);
			runOnlyForDeploymentPostprocessing = 0;
		};
/* End PBXFrameworksBuildPhase section */

/* Begin PBXGroup section */
		1E9513F22CECEBFD0068AF53 = {
			isa = PBXGroup;
			children = (
				1E9513FD2CECEBFD0068AF53 /* HPTrivia */,
				1E9513FC2CECEBFD0068AF53 /* Products */,
			);
			sourceTree = "<group>";
		};
		1E9513FC2CECEBFD0068AF53 /* Products */ = {
			isa = PBXGroup;
			children = (
				1E9513FB2CECEBFD0068AF53 /* HPTrivia.app */,
			);
			name = Products;
			sourceTree = "<group>";
		};
		1E9513FD2CECEBFD0068AF53 /* HPTrivia */ = {
			isa = PBXGroup;
			children = (
				1E95140C2CECEC6C0068AF53 /* trivia.json */,
				1E9514002CECEBFD0068AF53 /* ContentView.swift */,
				1EFF5A362CEDFD7C00D4CF8C /* Gameplay.swift */,
				1E7E26272CED546500938A4C /* Constants.swift */,
				1E600FB72CEE8058004A8CA8 /* HPConfig.storekit */,
				1EFF5A322CEDF1A900D4CF8C /* Instructions.swift */,
				1E600FB82CEE8177004A8CA8 /* Store.swift */,
				1EFF5A342CEDF75B00D4CF8C /* Settings.swift */,
				1E600FBA2CEE9038004A8CA8 /* Question.swift */,
				1E600FBC2CEE92F0004A8CA8 /* Game.swift */,
				1E9513FE2CECEBFD0068AF53 /* HPTriviaApp.swift */,
				1E9514022CECEBFE0068AF53 /* Assets.xcassets */,
				1E9514162CECEC7E0068AF53 /* Audio */,
				1E9514042CECEBFE0068AF53 /* Preview Content */,
			);
			path = HPTrivia;
			sourceTree = "<group>";
		};
		1E9514042CECEBFE0068AF53 /* Preview Content */ = {
			isa = PBXGroup;
			children = (
				1E9514052CECEBFE0068AF53 /* Preview Assets.xcassets */,
			);
			path = "Preview Content";
			sourceTree = "<group>";
		};
		1E9514162CECEC7E0068AF53 /* Audio */ = {
			isa = PBXGroup;
			children = (
				1E95140E2CECEC7E0068AF53 /* deep-in-the-dell.mp3 */,
				1E95140F2CECEC7E0068AF53 /* hiding-place-in-the-forest.mp3 */,
				1E9514102CECEC7E0068AF53 /* let-the-mystery-unfold.mp3 */,
				1E9514112CECEC7E0068AF53 /* magic-in-the-air.mp3 */,
				1E9514122CECEC7E0068AF53 /* magic-wand.mp3 */,
				1E9514132CECEC7E0068AF53 /* negative-beeps.mp3 */,
				1E9514142CECEC7E0068AF53 /* page-flip.mp3 */,
				1E9514152CECEC7E0068AF53 /* spellcraft.mp3 */,
			);
			path = Audio;
			sourceTree = "<group>";
		};
/* End PBXGroup section */

/* Begin PBXNativeTarget section */
		1E9513FA2CECEBFD0068AF53 /* HPTrivia */ = {
			isa = PBXNativeTarget;
			buildConfigurationList = 1E9514092CECEBFE0068AF53 /* Build configuration list for PBXNativeTarget "HPTrivia" */;
			buildPhases = (
				1E9513F72CECEBFD0068AF53 /* Sources */,
				1E9513F82CECEBFD0068AF53 /* Frameworks */,
				1E9513F92CECEBFD0068AF53 /* Resources */,
			);
			buildRules = (
			);
			dependencies = (
			);
			name = HPTrivia;
			productName = HPTrivia;
			productReference = 1E9513FB2CECEBFD0068AF53 /* HPTrivia.app */;
			productType = "com.apple.product-type.application";
		};
/* End PBXNativeTarget section */

/* Begin PBXProject section */
		1E9513F32CECEBFD0068AF53 /* Project object */ = {
			isa = PBXProject;
			attributes = {
				BuildIndependentTargetsInParallel = 1;
				LastSwiftUpdateCheck = 1540;
				LastUpgradeCheck = 1540;
				TargetAttributes = {
					1E9513FA2CECEBFD0068AF53 = {
						CreatedOnToolsVersion = 15.4;
					};
				};
			};
			buildConfigurationList = 1E9513F62CECEBFD0068AF53 /* Build configuration list for PBXProject "HPTrivia" */;
			compatibilityVersion = "Xcode 14.0";
			developmentRegion = en;
			hasScannedForEncodings = 0;
			knownRegions = (
				en,
				Base,
			);
			mainGroup = 1E9513F22CECEBFD0068AF53;
			productRefGroup = 1E9513FC2CECEBFD0068AF53 /* Products */;
			projectDirPath = "";
			projectRoot = "";
			targets = (
				1E9513FA2CECEBFD0068AF53 /* HPTrivia */,
			);
		};
/* End PBXProject section */

/* Begin PBXResourcesBuildPhase section */
		1E9513F92CECEBFD0068AF53 /* Resources */ = {
			isa = PBXResourcesBuildPhase;
			buildActionMask = 2147483647;
			files = (
				1E9514172CECEC7E0068AF53 /* deep-in-the-dell.mp3 in Resources */,
				1E9514062CECEBFE0068AF53 /* Preview Assets.xcassets in Resources */,
				1E95141C2CECEC7E0068AF53 /* negative-beeps.mp3 in Resources */,
				1E9514192CECEC7E0068AF53 /* let-the-mystery-unfold.mp3 in Resources */,
				1E95141E2CECEC7E0068AF53 /* spellcraft.mp3 in Resources */,
				1E95141A2CECEC7E0068AF53 /* magic-in-the-air.mp3 in Resources */,
				1E95141B2CECEC7E0068AF53 /* magic-wand.mp3 in Resources */,
				1E9514032CECEBFE0068AF53 /* Assets.xcassets in Resources */,
				1E9514182CECEC7E0068AF53 /* hiding-place-in-the-forest.mp3 in Resources */,
				1E95141D2CECEC7E0068AF53 /* page-flip.mp3 in Resources */,
				1E95140D2CECEC6C0068AF53 /* trivia.json in Resources */,
			);
			runOnlyForDeploymentPostprocessing = 0;
		};
/* End PBXResourcesBuildPhase section */

/* Begin PBXSourcesBuildPhase section */
		1E9513F72CECEBFD0068AF53 /* Sources */ = {
			isa = PBXSourcesBuildPhase;
			buildActionMask = 2147483647;
			files = (
				1E600FB92CEE8177004A8CA8 /* Store.swift in Sources */,
				1E600FBD2CEE92F0004A8CA8 /* Game.swift in Sources */,
				1E600FBB2CEE9038004A8CA8 /* Question.swift in Sources */,
				1E9514012CECEBFD0068AF53 /* ContentView.swift in Sources */,
				1EFF5A372CEDFD7C00D4CF8C /* Gameplay.swift in Sources */,
				1E9513FF2CECEBFD0068AF53 /* HPTriviaApp.swift in Sources */,
				1EFF5A332CEDF1A900D4CF8C /* Instructions.swift in Sources */,
				1E7E26282CED546500938A4C /* Constants.swift in Sources */,
				1EFF5A352CEDF75B00D4CF8C /* Settings.swift in Sources */,
			);
			runOnlyForDeploymentPostprocessing = 0;
		};
/* End PBXSourcesBuildPhase section */

/* Begin XCBuildConfiguration section */
		1E9514072CECEBFE0068AF53 /* Debug */ = {
			isa = XCBuildConfiguration;
			buildSettings = {
				ALWAYS_SEARCH_USER_PATHS = NO;
				ASSETCATALOG_COMPILER_GENERATE_SWIFT_ASSET_SYMBOL_EXTENSIONS = YES;
				CLANG_ANALYZER_NONNULL = YES;
				CLANG_ANALYZER_NUMBER_OBJECT_CONVERSION = YES_AGGRESSIVE;
				CLANG_CXX_LANGUAGE_STANDARD = "gnu++20";
				CLANG_ENABLE_MODULES = YES;
				CLANG_ENABLE_OBJC_ARC = YES;
				CLANG_ENABLE_OBJC_WEAK = YES;
				CLANG_WARN_BLOCK_CAPTURE_AUTORELEASING = YES;
				CLANG_WARN_BOOL_CONVERSION = YES;
				CLANG_WARN_COMMA = YES;
				CLANG_WARN_CONSTANT_CONVERSION = YES;
				CLANG_WARN_DEPRECATED_OBJC_IMPLEMENTATIONS = YES;
				CLANG_WARN_DIRECT_OBJC_ISA_USAGE = YES_ERROR;
				CLANG_WARN_DOCUMENTATION_COMMENTS = YES;
				CLANG_WARN_EMPTY_BODY = YES;
				CLANG_WARN_ENUM_CONVERSION = YES;
				CLANG_WARN_INFINITE_RECURSION = YES;
				CLANG_WARN_INT_CONVERSION = YES;
				CLANG_WARN_NON_LITERAL_NULL_CONVERSION = YES;
				CLANG_WARN_OBJC_IMPLICIT_RETAIN_SELF = YES;
				CLANG_WARN_OBJC_LITERAL_CONVERSION = YES;
				CLANG_WARN_OBJC_ROOT_CLASS = YES_ERROR;
				CLANG_WARN_QUOTED_INCLUDE_IN_FRAMEWORK_HEADER = YES;
				CLANG_WARN_RANGE_LOOP_ANALYSIS = YES;
				CLANG_WARN_STRICT_PROTOTYPES = YES;
				CLANG_WARN_SUSPICIOUS_MOVE = YES;
				CLANG_WARN_UNGUARDED_AVAILABILITY = YES_AGGRESSIVE;
				CLANG_WARN_UNREACHABLE_CODE = YES;
				CLANG_WARN__DUPLICATE_METHOD_MATCH = YES;
				COPY_PHASE_STRIP = NO;
				DEBUG_INFORMATION_FORMAT = dwarf;
				ENABLE_STRICT_OBJC_MSGSEND = YES;
				ENABLE_TESTABILITY = YES;
				ENABLE_USER_SCRIPT_SANDBOXING = YES;
				GCC_C_LANGUAGE_STANDARD = gnu17;
				GCC_DYNAMIC_NO_PIC = NO;
				GCC_NO_COMMON_BLOCKS = YES;
				GCC_OPTIMIZATION_LEVEL = 0;
				GCC_PREPROCESSOR_DEFINITIONS = (
					"DEBUG=1",
					"$(inherited)",
				);
				GCC_WARN_64_TO_32_BIT_CONVERSION = YES;
				GCC_WARN_ABOUT_RETURN_TYPE = YES_ERROR;
				GCC_WARN_UNDECLARED_SELECTOR = YES;
				GCC_WARN_UNINITIALIZED_AUTOS = YES_AGGRESSIVE;
				GCC_WARN_UNUSED_FUNCTION = YES;
				GCC_WARN_UNUSED_VARIABLE = YES;
				IPHONEOS_DEPLOYMENT_TARGET = 17.5;
				LOCALIZATION_PREFERS_STRING_CATALOGS = YES;
				MTL_ENABLE_DEBUG_INFO = INCLUDE_SOURCE;
				MTL_FAST_MATH = YES;
				ONLY_ACTIVE_ARCH = YES;
				SDKROOT = iphoneos;
				SWIFT_ACTIVE_COMPILATION_CONDITIONS = "DEBUG $(inherited)";
				SWIFT_OPTIMIZATION_LEVEL = "-Onone";
			};
			name = Debug;
		};
		1E9514082CECEBFE0068AF53 /* Release */ = {
			isa = XCBuildConfiguration;
			buildSettings = {
				ALWAYS_SEARCH_USER_PATHS = NO;
				ASSETCATALOG_COMPILER_GENERATE_SWIFT_ASSET_SYMBOL_EXTENSIONS = YES;
				CLANG_ANALYZER_NONNULL = YES;
				CLANG_ANALYZER_NUMBER_OBJECT_CONVERSION = YES_AGGRESSIVE;
				CLANG_CXX_LANGUAGE_STANDARD = "gnu++20";
				CLANG_ENABLE_MODULES = YES;
				CLANG_ENABLE_OBJC_ARC = YES;
				CLANG_ENABLE_OBJC_WEAK = YES;
				CLANG_WARN_BLOCK_CAPTURE_AUTORELEASING = YES;
				CLANG_WARN_BOOL_CONVERSION = YES;
				CLANG_WARN_COMMA = YES;
				CLANG_WARN_CONSTANT_CONVERSION = YES;
				CLANG_WARN_DEPRECATED_OBJC_IMPLEMENTATIONS = YES;
				CLANG_WARN_DIRECT_OBJC_ISA_USAGE = YES_ERROR;
				CLANG_WARN_DOCUMENTATION_COMMENTS = YES;
				CLANG_WARN_EMPTY_BODY = YES;
				CLANG_WARN_ENUM_CONVERSION = YES;
				CLANG_WARN_INFINITE_RECURSION = YES;
				CLANG_WARN_INT_CONVERSION = YES;
				CLANG_WARN_NON_LITERAL_NULL_CONVERSION = YES;
				CLANG_WARN_OBJC_IMPLICIT_RETAIN_SELF = YES;
				CLANG_WARN_OBJC_LITERAL_CONVERSION = YES;
				CLANG_WARN_OBJC_ROOT_CLASS = YES_ERROR;
				CLANG_WARN_QUOTED_INCLUDE_IN_FRAMEWORK_HEADER = YES;
				CLANG_WARN_RANGE_LOOP_ANALYSIS = YES;
				CLANG_WARN_STRICT_PROTOTYPES = YES;
				CLANG_WARN_SUSPICIOUS_MOVE = YES;
				CLANG_WARN_UNGUARDED_AVAILABILITY = YES_AGGRESSIVE;
				CLANG_WARN_UNREACHABLE_CODE = YES;
				CLANG_WARN__DUPLICATE_METHOD_MATCH = YES;
				COPY_PHASE_STRIP = NO;
				DEBUG_INFORMATION_FORMAT = "dwarf-with-dsym";
				ENABLE_NS_ASSERTIONS = NO;
				ENABLE_STRICT_OBJC_MSGSEND = YES;
				ENABLE_USER_SCRIPT_SANDBOXING = YES;
				GCC_C_LANGUAGE_STANDARD = gnu17;
				GCC_NO_COMMON_BLOCKS = YES;
				GCC_WARN_64_TO_32_BIT_CONVERSION = YES;
				GCC_WARN_ABOUT_RETURN_TYPE = YES_ERROR;
				GCC_WARN_UNDECLARED_SELECTOR = YES;
				GCC_WARN_UNINITIALIZED_AUTOS = YES_AGGRESSIVE;
				GCC_WARN_UNUSED_FUNCTION = YES;
				GCC_WARN_UNUSED_VARIABLE = YES;
				IPHONEOS_DEPLOYMENT_TARGET = 17.5;
				LOCALIZATION_PREFERS_STRING_CATALOGS = YES;
				MTL_ENABLE_DEBUG_INFO = NO;
				MTL_FAST_MATH = YES;
				SDKROOT = iphoneos;
				SWIFT_COMPILATION_MODE = wholemodule;
				VALIDATE_PRODUCT = YES;
			};
			name = Release;
		};
		1E95140A2CECEBFE0068AF53 /* Debug */ = {
			isa = XCBuildConfiguration;
			buildSettings = {
				ASSETCATALOG_COMPILER_APPICON_NAME = AppIcon;
				ASSETCATALOG_COMPILER_GLOBAL_ACCENT_COLOR_NAME = AccentColor;
				CODE_SIGN_STYLE = Automatic;
				CURRENT_PROJECT_VERSION = 1;
				DEVELOPMENT_ASSET_PATHS = "\"HPTrivia/Preview Content\"";
				ENABLE_PREVIEWS = YES;
				GENERATE_INFOPLIST_FILE = YES;
				INFOPLIST_KEY_UIApplicationSceneManifest_Generation = YES;
				INFOPLIST_KEY_UIApplicationSupportsIndirectInputEvents = YES;
				INFOPLIST_KEY_UILaunchScreen_Generation = YES;
				INFOPLIST_KEY_UISupportedInterfaceOrientations_iPad = "UIInterfaceOrientationPortrait UIInterfaceOrientationPortraitUpsideDown UIInterfaceOrientationLandscapeLeft UIInterfaceOrientationLandscapeRight";
				INFOPLIST_KEY_UISupportedInterfaceOrientations_iPhone = "UIInterfaceOrientationPortrait UIInterfaceOrientationLandscapeLeft UIInterfaceOrientationLandscapeRight";
				LD_RUNPATH_SEARCH_PATHS = (
					"$(inherited)",
					"@executable_path/Frameworks",
				);
				MARKETING_VERSION = 1.0;
				PRODUCT_BUNDLE_IDENTIFIER = com.udemylearning.HPTrivia;
				PRODUCT_NAME = "$(TARGET_NAME)";
				SWIFT_EMIT_LOC_STRINGS = YES;
				SWIFT_VERSION = 5.0;
				TARGETED_DEVICE_FAMILY = "1,2";
			};
			name = Debug;
		};
		1E95140B2CECEBFE0068AF53 /* Release */ = {
			isa = XCBuildConfiguration;
			buildSettings = {
				ASSETCATALOG_COMPILER_APPICON_NAME = AppIcon;
				ASSETCATALOG_COMPILER_GLOBAL_ACCENT_COLOR_NAME = AccentColor;
				CODE_SIGN_STYLE = Automatic;
				CURRENT_PROJECT_VERSION = 1;
				DEVELOPMENT_ASSET_PATHS = "\"HPTrivia/Preview Content\"";
				ENABLE_PREVIEWS = YES;
				GENERATE_INFOPLIST_FILE = YES;
				INFOPLIST_KEY_UIApplicationSceneManifest_Generation = YES;
				INFOPLIST_KEY_UIApplicationSupportsIndirectInputEvents = YES;
				INFOPLIST_KEY_UILaunchScreen_Generation = YES;
				INFOPLIST_KEY_UISupportedInterfaceOrientations_iPad = "UIInterfaceOrientationPortrait UIInterfaceOrientationPortraitUpsideDown UIInterfaceOrientationLandscapeLeft UIInterfaceOrientationLandscapeRight";
				INFOPLIST_KEY_UISupportedInterfaceOrientations_iPhone = "UIInterfaceOrientationPortrait UIInterfaceOrientationLandscapeLeft UIInterfaceOrientationLandscapeRight";
				LD_RUNPATH_SEARCH_PATHS = (
					"$(inherited)",
					"@executable_path/Frameworks",
				);
				MARKETING_VERSION = 1.0;
				PRODUCT_BUNDLE_IDENTIFIER = com.udemylearning.HPTrivia;
				PRODUCT_NAME = "$(TARGET_NAME)";
				SWIFT_EMIT_LOC_STRINGS = YES;
				SWIFT_VERSION = 5.0;
				TARGETED_DEVICE_FAMILY = "1,2";
			};
			name = Release;
		};
/* End XCBuildConfiguration section */

/* Begin XCConfigurationList section */
		1E9513F62CECEBFD0068AF53 /* Build configuration list for PBXProject "HPTrivia" */ = {
			isa = XCConfigurationList;
			buildConfigurations = (
				1E9514072CECEBFE0068AF53 /* Debug */,
				1E9514082CECEBFE0068AF53 /* Release */,
			);
			defaultConfigurationIsVisible = 0;
			defaultConfigurationName = Release;
		};
		1E9514092CECEBFE0068AF53 /* Build configuration list for PBXNativeTarget "HPTrivia" */ = {
			isa = XCConfigurationList;
			buildConfigurations = (
				1E95140A2CECEBFE0068AF53 /* Debug */,
				1E95140B2CECEBFE0068AF53 /* Release */,
			);
			defaultConfigurationIsVisible = 0;
			defaultConfigurationName = Release;
		};
/* End XCConfigurationList section */
	};
	rootObject = 1E9513F32CECEBFD0068AF53 /* Project object */;
}
